
Microsoft Visual Studio Solution File, Format Version 12.00
# Visual Studio Version 17
VisualStudioVersion = 17.6.33723.286
MinimumVisualStudioVersion = 10.0.40219.1
Project("{FAE04EC0-301F-11D3-BF4B-00C04F79EFBC}") = "BlogWeb", "BlogWeb\BlogWeb.csproj", "{A6E7E223-39A9-4672-ADE6-71E1BAD15DA8}"
EndProject
Project("{FAE04EC0-301F-11D3-BF4B-00C04F79EFBC}") = "BlogWebEntity", "BlogWebEntity\BlogWebEntity.csproj", "{EB59E9CD-5C89-4B62-8559-C72A715E6D5C}"
EndProject
Project("{FAE04EC0-301F-11D3-BF4B-00C04F79EFBC}") = "BlogWebData", "BlogWebData\BlogWebData.csproj", "{780AA3D2-7852-4697-848C-E11B5453510B}"
EndProject
Project("{FAE04EC0-301F-11D3-BF4B-00C04F79EFBC}") = "BlogWebService", "BlogWebService\BlogWebService.csproj", "{81DEA562-BE30-4E86-B33F-FABC6681C5F1}"
EndProject
Project("{FAE04EC0-301F-11D3-BF4B-00C04F79EFBC}") = "BlogWebCore", "BlogWebCore\BlogWebCore.csproj", "{B797BCEB-E849-47C8-BD4C-03CAAE196A99}"
EndProject
Global
	GlobalSection(SolutionConfigurationPlatforms) = preSolution
		Debug|Any CPU = Debug|Any CPU
		Release|Any CPU = Release|Any CPU
	EndGlobalSection
	GlobalSection(ProjectConfigurationPlatforms) = postSolution
		{A6E7E223-39A9-4672-ADE6-71E1BAD15DA8}.Debug|Any CPU.ActiveCfg = Debug|Any CPU
		{A6E7E223-39A9-4672-ADE6-71E1BAD15DA8}.Debug|Any CPU.Build.0 = Debug|Any CPU
		{A6E7E223-39A9-4672-ADE6-71E1BAD15DA8}.Release|Any CPU.ActiveCfg = Release|Any CPU
		{A6E7E223-39A9-4672-ADE6-71E1BAD15DA8}.Release|Any CPU.Build.0 = Release|Any CPU
		{EB59E9CD-5C89-4B62-8559-C72A715E6D5C}.Debug|Any CPU.ActiveCfg = Debug|Any CPU
		{EB59E9CD-5C89-4B62-8559-C72A715E6D5C}.Debug|Any CPU.Build.0 = Debug|Any CPU
		{EB59E9CD-5C89-4B62-8559-C72A715E6D5C}.Release|Any CPU.ActiveCfg = Release|Any CPU
		{EB59E9CD-5C89-4B62-8559-C72A715E6D5C}.Release|Any CPU.Build.0 = Release|Any CPU
		{780AA3D2-7852-4697-848C-E11B5453510B}.Debug|Any CPU.ActiveCfg = Debug|Any CPU
		{780AA3D2-7852-4697-848C-E11B5453510B}.Debug|Any CPU.Build.0 = Debug|Any CPU
		{780AA3D2-7852-4697-848C-E11B5453510B}.Release|Any CPU.ActiveCfg = Release|Any CPU
		{780AA3D2-7852-4697-848C-E11B5453510B}.Release|Any CPU.Build.0 = Release|Any CPU
		{81DEA562-BE30-4E86-B33F-FABC6681C5F1}.Debug|Any CPU.ActiveCfg = Debug|Any CPU
		{81DEA562-BE30-4E86-B33F-FABC6681C5F1}.Debug|Any CPU.Build.0 = Debug|Any CPU
		{81DEA562-BE30-4E86-B33F-FABC6681C5F1}.Release|Any CPU.ActiveCfg = Release|Any CPU
		{81DEA562-BE30-4E86-B33F-FABC6681C5F1}.Release|Any CPU.Build.0 = Release|Any CPU
		{B797BCEB-E849-47C8-BD4C-03CAAE196A99}.Debug|Any CPU.ActiveCfg = Debug|Any CPU
		{B797BCEB-E849-47C8-BD4C-03CAAE196A99}.Debug|Any CPU.Build.0 = Debug|Any CPU
		{B797BCEB-E849-47C8-BD4C-03CAAE196A99}.Release|Any CPU.ActiveCfg = Release|Any CPU
		{B797BCEB-E849-47C8-BD4C-03CAAE196A99}.Release|Any CPU.Build.0 = Release|Any CPU
	EndGlobalSection
	GlobalSection(SolutionProperties) = preSolution
		HideSolutionNode = FALSE
	EndGlobalSection
	GlobalSection(ExtensibilityGlobals) = postSolution
		SolutionGuid = {0D726943-E9F2-4500-98EA-51A7DF6751CF}
	EndGlobalSection
EndGlobal
